
Microsoft Visual Studio Solution File, Format Version 12.00
# Visual Studio Version 17
VisualStudioVersion = 17.5.33530.505
MinimumVisualStudioVersion = 10.0.40219.1
Project("{2150E333-8FDC-42A3-9474-1A3956D46DE8}") = "Core", "Core", "{4EE1168D-C172-4AE6-8460-F6C2DE9D2C83}"
EndProject
Project("{2150E333-8FDC-42A3-9474-1A3956D46DE8}") = "Infrastructure", "Infrastructure", "{58A106F7-7B10-4BE5-B2D0-293A27ED62C2}"
EndProject
Project("{2150E333-8FDC-42A3-9474-1A3956D46DE8}") = "Presentation", "Presentation", "{B4CB2768-08F7-449F-AF40-32CDFBF1C2A0}"
EndProject
Project("{FAE04EC0-301F-11D3-BF4B-00C04F79EFBC}") = "ClaimProcessing.Application", "ClaimProcessing.Application\ClaimProcessing.Application.csproj", "{CEBB8DFA-D4C9-44C3-B2ED-D30D6DFF6864}"
EndProject
Project("{FAE04EC0-301F-11D3-BF4B-00C04F79EFBC}") = "ClaimProcessing.Common", "ClaimProcessing.Common\ClaimProcessing.Common.csproj", "{2586D624-04BD-45FC-BAF1-4E2063343BA3}"
EndProject
Project("{FAE04EC0-301F-11D3-BF4B-00C04F79EFBC}") = "ClaimProcessing.Domain", "ClaimProcessing.Domain\ClaimProcessing.Domain.csproj", "{BD60DA49-B594-4167-8D11-0CBD2C89FDC9}"
EndProject
Project("{FAE04EC0-301F-11D3-BF4B-00C04F79EFBC}") = "ClaimProcessing.Infrastructure", "ClaimProcessing.Infrastructure\ClaimProcessing.Infrastructure.csproj", "{99AD8043-8921-4258-A831-921602D3297A}"
EndProject
Project("{FAE04EC0-301F-11D3-BF4B-00C04F79EFBC}") = "ClaimProcessing.Persistance", "ClaimProcessing.Persistance\ClaimProcessing.Persistance.csproj", "{8CAA4AB5-40F9-4286-98B8-2E6392F4738A}"
EndProject
Project("{FAE04EC0-301F-11D3-BF4B-00C04F79EFBC}") = "ClaimProcessing.Api", "ClaimProcessing.Api\ClaimProcessing.Api.csproj", "{93AAFE58-F70F-478C-A3D9-FFC75D2053B8}"
EndProject
Global
	GlobalSection(SolutionConfigurationPlatforms) = preSolution
		Debug|Any CPU = Debug|Any CPU
		Release|Any CPU = Release|Any CPU
	EndGlobalSection
	GlobalSection(ProjectConfigurationPlatforms) = postSolution
		{CEBB8DFA-D4C9-44C3-B2ED-D30D6DFF6864}.Debug|Any CPU.ActiveCfg = Debug|Any CPU
		{CEBB8DFA-D4C9-44C3-B2ED-D30D6DFF6864}.Debug|Any CPU.Build.0 = Debug|Any CPU
		{CEBB8DFA-D4C9-44C3-B2ED-D30D6DFF6864}.Release|Any CPU.ActiveCfg = Release|Any CPU
		{CEBB8DFA-D4C9-44C3-B2ED-D30D6DFF6864}.Release|Any CPU.Build.0 = Release|Any CPU
		{2586D624-04BD-45FC-BAF1-4E2063343BA3}.Debug|Any CPU.ActiveCfg = Debug|Any CPU
		{2586D624-04BD-45FC-BAF1-4E2063343BA3}.Debug|Any CPU.Build.0 = Debug|Any CPU
		{2586D624-04BD-45FC-BAF1-4E2063343BA3}.Release|Any CPU.ActiveCfg = Release|Any CPU
		{2586D624-04BD-45FC-BAF1-4E2063343BA3}.Release|Any CPU.Build.0 = Release|Any CPU
		{BD60DA49-B594-4167-8D11-0CBD2C89FDC9}.Debug|Any CPU.ActiveCfg = Debug|Any CPU
		{BD60DA49-B594-4167-8D11-0CBD2C89FDC9}.Debug|Any CPU.Build.0 = Debug|Any CPU
		{BD60DA49-B594-4167-8D11-0CBD2C89FDC9}.Release|Any CPU.ActiveCfg = Release|Any CPU
		{BD60DA49-B594-4167-8D11-0CBD2C89FDC9}.Release|Any CPU.Build.0 = Release|Any CPU
		{99AD8043-8921-4258-A831-921602D3297A}.Debug|Any CPU.ActiveCfg = Debug|Any CPU
		{99AD8043-8921-4258-A831-921602D3297A}.Debug|Any CPU.Build.0 = Debug|Any CPU
		{99AD8043-8921-4258-A831-921602D3297A}.Release|Any CPU.ActiveCfg = Release|Any CPU
		{99AD8043-8921-4258-A831-921602D3297A}.Release|Any CPU.Build.0 = Release|Any CPU
		{8CAA4AB5-40F9-4286-98B8-2E6392F4738A}.Debug|Any CPU.ActiveCfg = Debug|Any CPU
		{8CAA4AB5-40F9-4286-98B8-2E6392F4738A}.Debug|Any CPU.Build.0 = Debug|Any CPU
		{8CAA4AB5-40F9-4286-98B8-2E6392F4738A}.Release|Any CPU.ActiveCfg = Release|Any CPU
		{8CAA4AB5-40F9-4286-98B8-2E6392F4738A}.Release|Any CPU.Build.0 = Release|Any CPU
		{93AAFE58-F70F-478C-A3D9-FFC75D2053B8}.Debug|Any CPU.ActiveCfg = Debug|Any CPU
		{93AAFE58-F70F-478C-A3D9-FFC75D2053B8}.Debug|Any CPU.Build.0 = Debug|Any CPU
		{93AAFE58-F70F-478C-A3D9-FFC75D2053B8}.Release|Any CPU.ActiveCfg = Release|Any CPU
		{93AAFE58-F70F-478C-A3D9-FFC75D2053B8}.Release|Any CPU.Build.0 = Release|Any CPU
	EndGlobalSection
	GlobalSection(SolutionProperties) = preSolution
		HideSolutionNode = FALSE
	EndGlobalSection
	GlobalSection(NestedProjects) = preSolution
		{CEBB8DFA-D4C9-44C3-B2ED-D30D6DFF6864} = {4EE1168D-C172-4AE6-8460-F6C2DE9D2C83}
		{2586D624-04BD-45FC-BAF1-4E2063343BA3} = {4EE1168D-C172-4AE6-8460-F6C2DE9D2C83}
		{BD60DA49-B594-4167-8D11-0CBD2C89FDC9} = {4EE1168D-C172-4AE6-8460-F6C2DE9D2C83}
		{99AD8043-8921-4258-A831-921602D3297A} = {58A106F7-7B10-4BE5-B2D0-293A27ED62C2}
		{8CAA4AB5-40F9-4286-98B8-2E6392F4738A} = {58A106F7-7B10-4BE5-B2D0-293A27ED62C2}
		{93AAFE58-F70F-478C-A3D9-FFC75D2053B8} = {B4CB2768-08F7-449F-AF40-32CDFBF1C2A0}
	EndGlobalSection
	GlobalSection(ExtensibilityGlobals) = postSolution
		SolutionGuid = {9A29E04C-D221-4091-8821-4EA9CA3F61B6}
	EndGlobalSection
EndGlobal
